<?xml version="1.0" encoding="utf-8"?>
<Project ToolsVersion="4.0" xmlns="http://schemas.microsoft.com/developer/msbuild/2003">
  <ItemGroup>
    <Filter Include="ソース ファイル">
      <UniqueIdentifier>{4FC737F1-C7A5-4376-A066-2A32D752A2FF}</UniqueIdentifier>
      <Extensions>cpp;c;cc;cxx;def;odl;idl;hpj;bat;asm;asmx</Extensions>
    </Filter>
    <Filter Include="ヘッダー ファイル">
      <UniqueIdentifier>{93995380-89BD-4b04-88EB-625FBE52EBFB}</UniqueIdentifier>
      <Extensions>h;hh;hpp;hxx;hm;inl;inc;xsd</Extensions>
    </Filter>
    <Filter Include="リソース ファイル">
      <UniqueIdentifier>{67DA6AB6-F800-4c08-8B7A-83BB121AAD01}</UniqueIdentifier>
      <Extensions>rc;ico;cur;bmp;dlg;rc2;rct;bin;rgs;gif;jpg;jpeg;jpe;resx;tiff;tif;png;wav;mfcribbon-ms</Extensions>
    </Filter>
    <Filter Include="Biclops">
      <UniqueIdentifier>{0aa7fb28-408a-488b-aa33-7bc02aabe780}</UniqueIdentifier>
    </Filter>
  </ItemGroup>
  <ItemGroup>
    <ClInclude Include="global.h">
      <Filter>ヘッダー ファイル</Filter>
    </ClInclude>
    <ClInclude Include="vcc.h">
      <Filter>ヘッダー ファイル</Filter>
    </ClInclude>
    <ClInclude Include="camera.h">
      <Filter>ヘッダー ファイル</Filter>
    </ClInclude>
    <ClInclude Include="control_biclops.h">
      <Filter>ヘッダー ファイル</Filter>
    </ClInclude>
    <ClInclude Include="measurement.h">
      <Filter>ヘッダー ファイル</Filter>
    </ClInclude>
    <ClInclude Include="view.h">
      <Filter>ヘッダー ファイル</Filter>
    </ClInclude>
    <ClInclude Include="form_connection.h">
      <Filter>ヘッダー ファイル</Filter>
    </ClInclude>
  </ItemGroup>
  <ItemGroup>
    <ClCompile Include="vcc.cpp">
      <Filter>ソース ファイル</Filter>
    </ClCompile>
    <ClCompile Include="camera.cpp">
      <Filter>ソース ファイル</Filter>
    </ClCompile>
    <ClCompile Include="control_biclops.cpp">
      <Filter>ソース ファイル</Filter>
    </ClCompile>
    <ClCompile Include="measurement.cpp">
      <Filter>ソース ファイル</Filter>
    </ClCompile>
    <ClCompile Include="view.cpp">
      <Filter>ソース ファイル</Filter>
    </ClCompile>
    <ClCompile Include="main.cpp">
      <Filter>ソース ファイル</Filter>
    </ClCompile>
    <ClCompile Include="Biclops\src\angles.cpp">
      <Filter>Biclops</Filter>
    </ClCompile>
    <ClCompile Include="Biclops\src\Biclops.cpp">
      <Filter>Biclops</Filter>
    </ClCompile>
    <ClCompile Include="Biclops\src\Compass.cpp">
      <Filter>Biclops</Filter>
    </ClCompile>
    <ClCompile Include="Biclops\src\geometry.cpp">
      <Filter>Biclops</Filter>
    </ClCompile>
    <ClCompile Include="Biclops\src\joint.cpp">
      <Filter>Biclops</Filter>
    </ClCompile>
    <ClCompile Include="Biclops\src\Kinematics.cpp">
      <Filter>Biclops</Filter>
    </ClCompile>
    <ClCompile Include="Biclops\src\link.cpp">
      <Filter>Biclops</Filter>
    </ClCompile>
    <ClCompile Include="Biclops\src\matvec.cpp">
      <Filter>Biclops</Filter>
    </ClCompile>
    <ClCompile Include="Biclops\src\obstacle.cpp">
      <Filter>Biclops</Filter>
    </ClCompile>
    <ClCompile Include="Biclops\src\PMD.cpp">
      <Filter>Biclops</Filter>
    </ClCompile>
    <ClCompile Include="Biclops\src\PMDAxisControl.cpp">
      <Filter>Biclops</Filter>
    </ClCompile>
    <ClCompile Include="Biclops\src\PMDController.cpp">
      <Filter>Biclops</Filter>
    </ClCompile>
    <ClCompile Include="Biclops\src\PMDNetwork.cpp">
      <Filter>Biclops</Filter>
    </ClCompile>
    <ClCompile Include="Biclops\src\PMDParallel.cpp">
      <Filter>Biclops</Filter>
    </ClCompile>
    <ClCompile Include="Biclops\src\PMDSerial.cpp">
      <Filter>Biclops</Filter>
    </ClCompile>
    <ClCompile Include="Biclops\src\PMDTransport.cpp">
      <Filter>Biclops</Filter>
    </ClCompile>
    <ClCompile Include="Biclops\src\PMDUtils.cpp">
      <Filter>Biclops</Filter>
    </ClCompile>
    <ClCompile Include="Biclops\src\PortableSerial.cpp">
      <Filter>Biclops</Filter>
    </ClCompile>
    <ClCompile Include="Biclops\src\Sequencing.cpp">
      <Filter>Biclops</Filter>
    </ClCompile>
    <ClCompile Include="Biclops\src\transform.cpp">
      <Filter>Biclops</Filter>
    </ClCompile>
  </ItemGroup>
</Project>